{
  "version": 4,
  "terraform_version": "1.3.7",
  "serial": 1,
  "lineage": "24258e13-4c75-8e4c-e72b-183405eddb7a",
  "outputs": {},
  "resources": [
    {
      "mode": "data",
      "type": "local_file",
      "name": "lorem_ipsum",
      "provider": "provider[\"registry.terraform.io/hashicorp/local\"]",
      "instances": [
        {
          "schema_version": 0,
          "attributes": {
            "content": "Lorem ipsum dolor sit amet, consectetur adipiscing elit, sed do eiusmod tempor incididunt ut labore et dolore magna aliqua.",
            "content_base64": "TG9yZW0gaXBzdW0gZG9sb3Igc2l0IGFtZXQsIGNvbnNlY3RldHVyIGFkaXBpc2NpbmcgZWxpdCwgc2VkIGRvIGVpdXNtb2QgdGVtcG9yIGluY2lkaWR1bnQgdXQgbGFib3JlIGV0IGRvbG9yZSBtYWduYSBhbGlxdWEu",
            "filename": "./lorem_ipsum.txt",
            "id": "cca0871ecbe200379f0a1e4b46de177e2d62e655"
          },
          "sensitive_attributes": []
        }
      ]
    },
    {
      "mode": "managed",
      "type": "local_file",
      "name": "lorem_ipsum_file",
      "provider": "provider[\"registry.terraform.io/hashicorp/local\"]",
      "instances": [
        {
          "schema_version": 0,
          "attributes": {
            "content": "Lorem ipsum dolor sit amet, consectetur adipiscing elit, sed do eiusmod tempor incididunt ut labore et dolore magna aliqua.",
            "content_base64": null,
            "directory_permission": "0777",
            "file_permission": "0777",
            "filename": "./lorem_ipsum_result.txt",
            "id": "cca0871ecbe200379f0a1e4b46de177e2d62e655",
            "sensitive_content": null,
            "source": null
          },
          "sensitive_attributes": [],
          "dependencies": [
            "data.local_file.lorem_ipsum"
          ]
        }
      ]
    }
  ],
  "check_results": null
}
