{
  "version": 4,
  "terraform_version": "1.4.3",
  "serial": 8,
  "lineage": "fd3bcafc-0919-2cdf-4601-d8270565b5dd",
  "outputs": {
    "publicip": {
      "value": "54.173.123.93",
      "type": "string"
    }
  },
  "resources": [
    {
      "mode": "managed",
      "type": "aws_instance",
      "name": "ec2-terraform",
      "provider": "provider[\"registry.terraform.io/hashicorp/aws\"]",
      "instances": [
        {
          "schema_version": 1,
          "attributes": {
            "ami": "ami-0230bd60aa48260c6",
            "arn": "arn:aws:ec2:us-east-1:735152225447:instance/i-08c832764411dc3be",
            "associate_public_ip_address": true,
            "availability_zone": "us-east-1a",
            "capacity_reservation_specification": [
              {
                "capacity_reservation_preference": "open",
                "capacity_reservation_target": []
              }
            ],
            "cpu_core_count": 1,
            "cpu_options": [
              {
                "amd_sev_snp": "",
                "core_count": 1,
                "threads_per_core": 1
              }
            ],
            "cpu_threads_per_core": 1,
            "credit_specification": [
              {
                "cpu_credits": "standard"
              }
            ],
            "disable_api_stop": false,
            "disable_api_termination": false,
            "ebs_block_device": [],
            "ebs_optimized": false,
            "enclave_options": [
              {
                "enabled": false
              }
            ],
            "ephemeral_block_device": [],
            "get_password_data": false,
            "hibernation": false,
            "host_id": "",
            "host_resource_group_arn": null,
            "iam_instance_profile": "",
            "id": "i-08c832764411dc3be",
            "instance_initiated_shutdown_behavior": "stop",
            "instance_lifecycle": "",
            "instance_market_options": [],
            "instance_state": "running",
            "instance_type": "t2.micro",
            "ipv6_address_count": 0,
            "ipv6_addresses": [],
            "key_name": "terraform-20231122193346860200000001",
            "launch_template": [],
            "maintenance_options": [
              {
                "auto_recovery": "default"
              }
            ],
            "metadata_options": [
              {
                "http_endpoint": "enabled",
                "http_protocol_ipv6": "disabled",
                "http_put_response_hop_limit": 2,
                "http_tokens": "required",
                "instance_metadata_tags": "disabled"
              }
            ],
            "monitoring": false,
            "network_interface": [],
            "outpost_arn": "",
            "password_data": "",
            "placement_group": "",
            "placement_partition_number": 0,
            "primary_network_interface_id": "eni-010e68ee72128089b",
            "private_dns": "ip-172-31-21-83.ec2.internal",
            "private_dns_name_options": [
              {
                "enable_resource_name_dns_a_record": false,
                "enable_resource_name_dns_aaaa_record": false,
                "hostname_type": "ip-name"
              }
            ],
            "private_ip": "172.31.21.83",
            "public_dns": "ec2-54-173-123-93.compute-1.amazonaws.com",
            "public_ip": "54.173.123.93",
            "root_block_device": [
              {
                "delete_on_termination": true,
                "device_name": "/dev/xvda",
                "encrypted": false,
                "iops": 3000,
                "kms_key_id": "",
                "tags": {},
                "throughput": 125,
                "volume_id": "vol-01ef3e907472c01c1",
                "volume_size": 8,
                "volume_type": "gp3"
              }
            ],
            "secondary_private_ips": [],
            "security_groups": [
              "ssh-access"
            ],
            "source_dest_check": true,
            "spot_instance_request_id": "",
            "subnet_id": "subnet-04d602683bd8f7833",
            "tags": {
              "Name": "EC2-TF"
            },
            "tags_all": {
              "Name": "EC2-TF"
            },
            "tenancy": "default",
            "timeouts": null,
            "user_data": "57011f047cd1723d9edea476016aa29d2586e33f",
            "user_data_base64": null,
            "user_data_replace_on_change": false,
            "volume_tags": null,
            "vpc_security_group_ids": [
              "sg-0a4bbc30b64a9b118"
            ]
          },
          "sensitive_attributes": [],
          "private": "eyJlMmJmYjczMC1lY2FhLTExZTYtOGY4OC0zNDM2M2JjN2M0YzAiOnsiY3JlYXRlIjo2MDAwMDAwMDAwMDAsImRlbGV0ZSI6MTIwMDAwMDAwMDAwMCwidXBkYXRlIjo2MDAwMDAwMDAwMDB9LCJzY2hlbWFfdmVyc2lvbiI6IjEifQ==",
          "dependencies": [
            "aws_key_pair.ec2-tf",
            "aws_security_group.ssh-access"
          ]
        }
      ]
    },
    {
      "mode": "managed",
      "type": "aws_key_pair",
      "name": "ec2-tf",
      "provider": "provider[\"registry.terraform.io/hashicorp/aws\"]",
      "instances": [
        {
          "schema_version": 1,
          "attributes": {
            "arn": "arn:aws:ec2:us-east-1:735152225447:key-pair/terraform-20231122193346860200000001",
            "fingerprint": "a1:86:0a:b5:68:01:03:af:98:75:2d:e9:42:e6:e5:84",
            "id": "terraform-20231122193346860200000001",
            "key_name": "terraform-20231122193346860200000001",
            "key_name_prefix": "terraform-",
            "key_pair_id": "key-061ee8caca67a5c38",
            "key_type": "rsa",
            "public_key": "ssh-rsa AAAAB3NzaC1yc2EAAAADAQABAAACAQC2NidQ6dowq5PvjYt07bmPhRkXxwbgL14X9xsA0cZXRpfm3m10JvwcYaChXt2VOHIJVau692uMV7G3iv8KRZIjlw/RmFtOB2PZmWw3umkxaEcj3+mpVGcN5bxW+qiUQlqKM89SUGT9NIpNPuMfSSTxPQcG5QclqFfb2pjNMns3bTI67qLZNgAnZJnG1yx0AOe+UmePtBAsukdDBgyhFMfFlRwjkuehE4QYLicsqhdIFunFh8u6thXD7n8Oz8GAPTv/APsm/IbuPfbXukk0XeAjycU7Yxr3rXB7X+xX1srKB9I9olIRpveUnZLs61NOED+AfNAF1bTYSWYQcPoQ/I19DeEaATotii++nZifObMxyTNYSWaHQ6y8sD/gNG/AZhvJdWsia8OmP1d9Ux22UYNsWgy+4C7fsuCtDmlismDM7Lhnpu0nEzenrZEArsI4x3AFpy4JbZt8WihC/cXu9kRm+I0Wc8yNG2/sAlTt0HompA4chGNcwBonhkOxQePe2W201GezFkXtYhGPuJiDdkRE2mVXpP4uBscXpr9IncrJ6zJT5AeSSr7lWKJjNtxXZJUCaUhb5ELOb4grv4DScyAeZKUSsGTCZnojRvWH7evKfBGuHPGeK2Xl79AdaRn28xm4K4LbJO0NyyWuaCGat3tzr39wAh2K97JBHj92hfDwYQ== diego.nieto@FVFGL0JZQ05R",
            "tags": null,
            "tags_all": {}
          },
          "sensitive_attributes": [],
          "private": "eyJzY2hlbWFfdmVyc2lvbiI6IjEifQ=="
        }
      ]
    },
    {
      "mode": "managed",
      "type": "aws_security_group",
      "name": "ssh-access",
      "provider": "provider[\"registry.terraform.io/hashicorp/aws\"]",
      "instances": [
        {
          "schema_version": 1,
          "attributes": {
            "arn": "arn:aws:ec2:us-east-1:735152225447:security-group/sg-0a4bbc30b64a9b118",
            "description": "SSH Access",
            "egress": [],
            "id": "sg-0a4bbc30b64a9b118",
            "ingress": [
              {
                "cidr_blocks": [
                  "0.0.0.0/0"
                ],
                "description": "",
                "from_port": 22,
                "ipv6_cidr_blocks": [],
                "prefix_list_ids": [],
                "protocol": "tcp",
                "security_groups": [],
                "self": false,
                "to_port": 22
              }
            ],
            "name": "ssh-access",
            "name_prefix": "",
            "owner_id": "735152225447",
            "revoke_rules_on_delete": false,
            "tags": null,
            "tags_all": {},
            "timeouts": null,
            "vpc_id": "vpc-0a5b53ad9119aafea"
          },
          "sensitive_attributes": [],
          "private": "eyJlMmJmYjczMC1lY2FhLTExZTYtOGY4OC0zNDM2M2JjN2M0YzAiOnsiY3JlYXRlIjo2MDAwMDAwMDAwMDAsImRlbGV0ZSI6OTAwMDAwMDAwMDAwfSwic2NoZW1hX3ZlcnNpb24iOiIxIn0="
        }
      ]
    }
  ],
  "check_results": null
}
