{
  "version": 4,
  "terraform_version": "1.3.7",
  "serial": 1,
  "lineage": "23ca2c92-1da3-8b61-a71c-e3706adc1a73",
  "outputs": {},
  "resources": [
    {
      "mode": "managed",
      "type": "local_file",
      "name": "pet",
      "provider": "provider[\"registry.terraform.io/hashicorp/local\"]",
      "instances": [
        {
          "schema_version": 0,
          "attributes": {
            "content": "I love pets!",
            "content_base64": null,
            "directory_permission": "0777",
            "file_permission": "0777",
            "filename": "./pets.txt",
            "id": "7e4db4fbfdbb108bdd04692602bae3e9bd1e1b68",
            "sensitive_content": null,
            "source": null
          },
          "sensitive_attributes": []
        }
      ]
    }
  ],
  "check_results": null
}
