{
  "version": 4,
  "terraform_version": "1.4.3",
  "serial": 6,
  "lineage": "a439d86a-a5c3-2015-71a1-cce459d3ee9b",
  "outputs": {},
  "resources": [
    {
      "mode": "managed",
      "type": "aws_iam_policy",
      "name": "admin_user",
      "provider": "provider[\"registry.terraform.io/hashicorp/aws\"]",
      "instances": [
        {
          "schema_version": 0,
          "attributes": {
            "arn": "arn:aws:iam::735152225447:policy/Admin",
            "description": "",
            "id": "arn:aws:iam::735152225447:policy/Admin",
            "name": "Admin",
            "name_prefix": "",
            "path": "/",
            "policy": "{\"Statement\":[{\"Action\":\"*\",\"Effect\":\"Allow\",\"Resource\":\"*\"}],\"Version\":\"2012-10-17\"}",
            "policy_id": "ANPA2WKT4XSTS7GZ3M4LE",
            "tags": null,
            "tags_all": {}
          },
          "sensitive_attributes": [],
          "private": "bnVsbA=="
        }
      ]
    },
    {
      "mode": "managed",
      "type": "aws_iam_user",
      "name": "terraform_user",
      "provider": "provider[\"registry.terraform.io/hashicorp/aws\"]",
      "instances": [
        {
          "schema_version": 0,
          "attributes": {
            "arn": "arn:aws:iam::735152225447:user/terry",
            "force_destroy": false,
            "id": "terry",
            "name": "terry",
            "path": "/",
            "permissions_boundary": "",
            "tags": {
              "Description": "Terry Torry"
            },
            "tags_all": {
              "Description": "Terry Torry"
            },
            "unique_id": "AIDA2WKT4XST2DCQ7AF7E"
          },
          "sensitive_attributes": [],
          "private": "bnVsbA=="
        }
      ]
    }
  ],
  "check_results": null
}
